// !$*UTF8*$!
{
	archiveVersion = 1;
	classes = {
	};
	objectVersion = 56;
	objects = {

/* Begin PBXBuildFile section */
		A10000000000000000000001 /* DailyStickyApp.swift in Sources */ = {isa = PBXBuildFile; fileRef = A20000000000000000000001 /* DailyStickyApp.swift */; };
		A10000000000000000000002 /* AppDelegate.swift in Sources */ = {isa = PBXBuildFile; fileRef = A20000000000000000000002 /* AppDelegate.swift */; };
		A10000000000000000000003 /* AppData.swift in Sources */ = {isa = PBXBuildFile; fileRef = A20000000000000000000003 /* AppData.swift */; };
		A10000000000000000000004 /* DayPage.swift in Sources */ = {isa = PBXBuildFile; fileRef = A20000000000000000000004 /* DayPage.swift */; };
		A10000000000000000000006 /* AppSettings.swift in Sources */ = {isa = PBXBuildFile; fileRef = A20000000000000000000006 /* AppSettings.swift */; };
		A10000000000000000000007 /* StoredWindowFrame.swift in Sources */ = {isa = PBXBuildFile; fileRef = A20000000000000000000007 /* StoredWindowFrame.swift */; };
		A10000000000000000000008 /* AppDataStore.swift in Sources */ = {isa = PBXBuildFile; fileRef = A20000000000000000000008 /* AppDataStore.swift */; };
		A10000000000000000000009 /* JSONAppDataStore.swift in Sources */ = {isa = PBXBuildFile; fileRef = A20000000000000000000009 /* JSONAppDataStore.swift */; };
		A1000000000000000000000A /* StorageError.swift in Sources */ = {isa = PBXBuildFile; fileRef = A2000000000000000000000A /* StorageError.swift */; };
		A1000000000000000000000B /* AppState.swift in Sources */ = {isa = PBXBuildFile; fileRef = A2000000000000000000000B /* AppState.swift */; };
		A1000000000000000000000C /* DayPageController.swift in Sources */ = {isa = PBXBuildFile; fileRef = A2000000000000000000000C /* DayPageController.swift */; };
		A1000000000000000000000E /* DateKeyService.swift in Sources */ = {isa = PBXBuildFile; fileRef = A2000000000000000000000E /* DateKeyService.swift */; };
		A1000000000000000000000F /* AutoSaveService.swift in Sources */ = {isa = PBXBuildFile; fileRef = A2000000000000000000000F /* AutoSaveService.swift */; };
		A10000000000000000000010 /* StickyWindowController.swift in Sources */ = {isa = PBXBuildFile; fileRef = A20000000000000000000010 /* StickyWindowController.swift */; };
		A10000000000000000000011 /* WindowFrameStore.swift in Sources */ = {isa = PBXBuildFile; fileRef = A20000000000000000000011 /* WindowFrameStore.swift */; };
		A10000000000000000000012 /* PinWindowService.swift in Sources */ = {isa = PBXBuildFile; fileRef = A20000000000000000000012 /* PinWindowService.swift */; };
		A10000000000000000000013 /* StickyRootView.swift in Sources */ = {isa = PBXBuildFile; fileRef = A20000000000000000000013 /* StickyRootView.swift */; };
		A10000000000000000000014 /* DateHeaderView.swift in Sources */ = {isa = PBXBuildFile; fileRef = A20000000000000000000014 /* DateHeaderView.swift */; };
		A10000000000000000000019 /* WindowControlsView.swift in Sources */ = {isa = PBXBuildFile; fileRef = A20000000000000000000019 /* WindowControlsView.swift */; };
		A1000000000000000000001A /* AppTheme.swift in Sources */ = {isa = PBXBuildFile; fileRef = A2000000000000000000001A /* AppTheme.swift */; };
		A1000000000000000000001B /* MarkdownTaskParser.swift in Sources */ = {isa = PBXBuildFile; fileRef = A2000000000000000000001E /* MarkdownTaskParser.swift */; };
		A1000000000000000000001C /* DailyNoteEditorView.swift in Sources */ = {isa = PBXBuildFile; fileRef = A2000000000000000000001F /* DailyNoteEditorView.swift */; };
		A1000000000000000000001D /* MarkdownInlineParser.swift in Sources */ = {isa = PBXBuildFile; fileRef = A20000000000000000000020 /* MarkdownInlineParser.swift */; };
		B10000000000000000000001 /* Markdown in Frameworks */ = {isa = PBXBuildFile; productRef = B20000000000000000000001 /* Markdown */; };
/* End PBXBuildFile section */

/* Begin PBXFileReference section */
		A20000000000000000000000 /* DailySticky.app */ = {isa = PBXFileReference; explicitFileType = wrapper.application; includeInIndex = 0; path = DailySticky.app; sourceTree = BUILT_PRODUCTS_DIR; };
		A20000000000000000000001 /* DailyStickyApp.swift */ = {isa = PBXFileReference; lastKnownFileType = sourcecode.swift; path = DailyStickyApp.swift; sourceTree = "<group>"; };
		A20000000000000000000002 /* AppDelegate.swift */ = {isa = PBXFileReference; lastKnownFileType = sourcecode.swift; path = AppDelegate.swift; sourceTree = "<group>"; };
		A20000000000000000000003 /* AppData.swift */ = {isa = PBXFileReference; lastKnownFileType = sourcecode.swift; path = AppData.swift; sourceTree = "<group>"; };
		A20000000000000000000004 /* DayPage.swift */ = {isa = PBXFileReference; lastKnownFileType = sourcecode.swift; path = DayPage.swift; sourceTree = "<group>"; };
		A20000000000000000000006 /* AppSettings.swift */ = {isa = PBXFileReference; lastKnownFileType = sourcecode.swift; path = AppSettings.swift; sourceTree = "<group>"; };
		A20000000000000000000007 /* StoredWindowFrame.swift */ = {isa = PBXFileReference; lastKnownFileType = sourcecode.swift; path = StoredWindowFrame.swift; sourceTree = "<group>"; };
		A20000000000000000000008 /* AppDataStore.swift */ = {isa = PBXFileReference; lastKnownFileType = sourcecode.swift; path = AppDataStore.swift; sourceTree = "<group>"; };
		A20000000000000000000009 /* JSONAppDataStore.swift */ = {isa = PBXFileReference; lastKnownFileType = sourcecode.swift; path = JSONAppDataStore.swift; sourceTree = "<group>"; };
		A2000000000000000000000A /* StorageError.swift */ = {isa = PBXFileReference; lastKnownFileType = sourcecode.swift; path = StorageError.swift; sourceTree = "<group>"; };
		A2000000000000000000000B /* AppState.swift */ = {isa = PBXFileReference; lastKnownFileType = sourcecode.swift; path = AppState.swift; sourceTree = "<group>"; };
		A2000000000000000000000C /* DayPageController.swift */ = {isa = PBXFileReference; lastKnownFileType = sourcecode.swift; path = DayPageController.swift; sourceTree = "<group>"; };
		A2000000000000000000000E /* DateKeyService.swift */ = {isa = PBXFileReference; lastKnownFileType = sourcecode.swift; path = DateKeyService.swift; sourceTree = "<group>"; };
		A2000000000000000000000F /* AutoSaveService.swift */ = {isa = PBXFileReference; lastKnownFileType = sourcecode.swift; path = AutoSaveService.swift; sourceTree = "<group>"; };
		A20000000000000000000010 /* StickyWindowController.swift */ = {isa = PBXFileReference; lastKnownFileType = sourcecode.swift; path = StickyWindowController.swift; sourceTree = "<group>"; };
		A20000000000000000000011 /* WindowFrameStore.swift */ = {isa = PBXFileReference; lastKnownFileType = sourcecode.swift; path = WindowFrameStore.swift; sourceTree = "<group>"; };
		A20000000000000000000012 /* PinWindowService.swift */ = {isa = PBXFileReference; lastKnownFileType = sourcecode.swift; path = PinWindowService.swift; sourceTree = "<group>"; };
		A20000000000000000000013 /* StickyRootView.swift */ = {isa = PBXFileReference; lastKnownFileType = sourcecode.swift; path = StickyRootView.swift; sourceTree = "<group>"; };
		A20000000000000000000014 /* DateHeaderView.swift */ = {isa = PBXFileReference; lastKnownFileType = sourcecode.swift; path = DateHeaderView.swift; sourceTree = "<group>"; };
		A20000000000000000000019 /* WindowControlsView.swift */ = {isa = PBXFileReference; lastKnownFileType = sourcecode.swift; path = WindowControlsView.swift; sourceTree = "<group>"; };
		A2000000000000000000001A /* AppTheme.swift */ = {isa = PBXFileReference; lastKnownFileType = sourcecode.swift; path = AppTheme.swift; sourceTree = "<group>"; };
		A2000000000000000000001B /* product-spec.md */ = {isa = PBXFileReference; lastKnownFileType = net.daringfireball.markdown; path = "product-spec.md"; sourceTree = "<group>"; };
		A2000000000000000000001C /* storage-schema.md */ = {isa = PBXFileReference; lastKnownFileType = net.daringfireball.markdown; path = "storage-schema.md"; sourceTree = "<group>"; };
		A2000000000000000000001D /* future-cross-desktop-plan.md */ = {isa = PBXFileReference; lastKnownFileType = net.daringfireball.markdown; path = "future-cross-desktop-plan.md"; sourceTree = "<group>"; };
		A2000000000000000000001E /* MarkdownTaskParser.swift */ = {isa = PBXFileReference; lastKnownFileType = sourcecode.swift; path = MarkdownTaskParser.swift; sourceTree = "<group>"; };
		A2000000000000000000001F /* DailyNoteEditorView.swift */ = {isa = PBXFileReference; lastKnownFileType = sourcecode.swift; path = DailyNoteEditorView.swift; sourceTree = "<group>"; };
		A20000000000000000000020 /* MarkdownInlineParser.swift */ = {isa = PBXFileReference; lastKnownFileType = sourcecode.swift; path = MarkdownInlineParser.swift; sourceTree = "<group>"; };
/* End PBXFileReference section */

/* Begin PBXFrameworksBuildPhase section */
		A30000000000000000000001 /* Frameworks */ = {
			isa = PBXFrameworksBuildPhase;
			buildActionMask = 2147483647;
			files = (
				B10000000000000000000001 /* Markdown in Frameworks */,
			);
			runOnlyForDeploymentPostprocessing = 0;
		};
/* End PBXFrameworksBuildPhase section */

/* Begin PBXGroup section */
		A40000000000000000000001 = {
			isa = PBXGroup;
			children = (
				A40000000000000000000003 /* DailySticky */,
				A4000000000000000000000D /* docs */,
				A40000000000000000000002 /* Products */,
			);
			sourceTree = "<group>";
		};
		A40000000000000000000002 /* Products */ = {
			isa = PBXGroup;
			children = (
				A20000000000000000000000 /* DailySticky.app */,
			);
			name = Products;
			sourceTree = "<group>";
		};
		A40000000000000000000003 /* DailySticky */ = {
			isa = PBXGroup;
			children = (
				A40000000000000000000004 /* App */,
				A40000000000000000000005 /* Models */,
				A40000000000000000000006 /* Storage */,
				A40000000000000000000007 /* State */,
				A40000000000000000000008 /* Services */,
				A40000000000000000000009 /* Platform */,
				A4000000000000000000000B /* Views */,
				A4000000000000000000000C /* Theme */,
			);
			path = DailySticky;
			sourceTree = "<group>";
		};
		A40000000000000000000004 /* App */ = {
			isa = PBXGroup;
			children = (
				A20000000000000000000001 /* DailyStickyApp.swift */,
				A20000000000000000000002 /* AppDelegate.swift */,
			);
			path = App;
			sourceTree = "<group>";
		};
		A40000000000000000000005 /* Models */ = {
			isa = PBXGroup;
			children = (
				A20000000000000000000003 /* AppData.swift */,
				A20000000000000000000004 /* DayPage.swift */,
				A20000000000000000000006 /* AppSettings.swift */,
				A20000000000000000000007 /* StoredWindowFrame.swift */,
			);
			path = Models;
			sourceTree = "<group>";
		};
		A40000000000000000000006 /* Storage */ = {
			isa = PBXGroup;
			children = (
				A20000000000000000000008 /* AppDataStore.swift */,
				A20000000000000000000009 /* JSONAppDataStore.swift */,
				A2000000000000000000000A /* StorageError.swift */,
			);
			path = Storage;
			sourceTree = "<group>";
		};
		A40000000000000000000007 /* State */ = {
			isa = PBXGroup;
			children = (
				A2000000000000000000000B /* AppState.swift */,
				A2000000000000000000000C /* DayPageController.swift */,
			);
			path = State;
			sourceTree = "<group>";
		};
		A40000000000000000000008 /* Services */ = {
			isa = PBXGroup;
			children = (
				A2000000000000000000000E /* DateKeyService.swift */,
				A2000000000000000000000F /* AutoSaveService.swift */,
				A2000000000000000000001E /* MarkdownTaskParser.swift */,
				A20000000000000000000020 /* MarkdownInlineParser.swift */,
			);
			path = Services;
			sourceTree = "<group>";
		};
		A40000000000000000000009 /* Platform */ = {
			isa = PBXGroup;
			children = (
				A4000000000000000000000A /* macOS */,
			);
			path = Platform;
			sourceTree = "<group>";
		};
		A4000000000000000000000A /* macOS */ = {
			isa = PBXGroup;
			children = (
				A20000000000000000000010 /* StickyWindowController.swift */,
				A20000000000000000000011 /* WindowFrameStore.swift */,
				A20000000000000000000012 /* PinWindowService.swift */,
			);
			path = macOS;
			sourceTree = "<group>";
		};
		A4000000000000000000000B /* Views */ = {
			isa = PBXGroup;
			children = (
				A20000000000000000000013 /* StickyRootView.swift */,
				A20000000000000000000014 /* DateHeaderView.swift */,
				A2000000000000000000001F /* DailyNoteEditorView.swift */,
				A20000000000000000000019 /* WindowControlsView.swift */,
			);
			path = Views;
			sourceTree = "<group>";
		};
		A4000000000000000000000C /* Theme */ = {
			isa = PBXGroup;
			children = (
				A2000000000000000000001A /* AppTheme.swift */,
			);
			path = Theme;
			sourceTree = "<group>";
		};
		A4000000000000000000000D /* docs */ = {
			isa = PBXGroup;
			children = (
				A2000000000000000000001B /* product-spec.md */,
				A2000000000000000000001C /* storage-schema.md */,
				A2000000000000000000001D /* future-cross-desktop-plan.md */,
			);
			path = docs;
			sourceTree = "<group>";
		};
/* End PBXGroup section */

/* Begin PBXNativeTarget section */
		A50000000000000000000001 /* DailySticky */ = {
			isa = PBXNativeTarget;
			buildConfigurationList = A90000000000000000000002 /* Build configuration list for PBXNativeTarget "DailySticky" */;
			buildPhases = (
				A30000000000000000000002 /* Sources */,
				A30000000000000000000001 /* Frameworks */,
				A30000000000000000000003 /* Resources */,
			);
			buildRules = (
			);
			dependencies = (
			);
			name = DailySticky;
			packageProductDependencies = (
				B20000000000000000000001 /* Markdown */,
			);
			productName = DailySticky;
			productReference = A20000000000000000000000 /* DailySticky.app */;
			productType = "com.apple.product-type.application";
		};
/* End PBXNativeTarget section */

/* Begin PBXProject section */
		A60000000000000000000001 /* Project object */ = {
			isa = PBXProject;
			attributes = {
				BuildIndependentTargetsInParallel = 1;
				LastSwiftUpdateCheck = 1530;
				LastUpgradeCheck = 1530;
				TargetAttributes = {
					A50000000000000000000001 = {
						CreatedOnToolsVersion = 15.3;
					};
				};
			};
			buildConfigurationList = A90000000000000000000001 /* Build configuration list for PBXProject "DailySticky" */;
			compatibilityVersion = "Xcode 14.0";
			developmentRegion = en;
			hasScannedForEncodings = 0;
			knownRegions = (
				en,
				Base,
			);
			mainGroup = A40000000000000000000001;
			packageReferences = (
				B30000000000000000000001 /* XCRemoteSwiftPackageReference "swift-markdown" */,
			);
			productRefGroup = A40000000000000000000002 /* Products */;
			projectDirPath = "";
			projectRoot = "";
			targets = (
				A50000000000000000000001 /* DailySticky */,
			);
		};
/* End PBXProject section */

/* Begin PBXResourcesBuildPhase section */
		A30000000000000000000003 /* Resources */ = {
			isa = PBXResourcesBuildPhase;
			buildActionMask = 2147483647;
			files = (
			);
			runOnlyForDeploymentPostprocessing = 0;
		};
/* End PBXResourcesBuildPhase section */

/* Begin PBXSourcesBuildPhase section */
		A30000000000000000000002 /* Sources */ = {
			isa = PBXSourcesBuildPhase;
			buildActionMask = 2147483647;
			files = (
				A10000000000000000000001 /* DailyStickyApp.swift in Sources */,
				A10000000000000000000002 /* AppDelegate.swift in Sources */,
				A10000000000000000000003 /* AppData.swift in Sources */,
				A10000000000000000000004 /* DayPage.swift in Sources */,
				A10000000000000000000006 /* AppSettings.swift in Sources */,
				A10000000000000000000007 /* StoredWindowFrame.swift in Sources */,
				A10000000000000000000008 /* AppDataStore.swift in Sources */,
				A10000000000000000000009 /* JSONAppDataStore.swift in Sources */,
				A1000000000000000000000A /* StorageError.swift in Sources */,
				A1000000000000000000000B /* AppState.swift in Sources */,
				A1000000000000000000000C /* DayPageController.swift in Sources */,
				A1000000000000000000000E /* DateKeyService.swift in Sources */,
				A1000000000000000000000F /* AutoSaveService.swift in Sources */,
				A1000000000000000000001B /* MarkdownTaskParser.swift in Sources */,
				A1000000000000000000001D /* MarkdownInlineParser.swift in Sources */,
				A10000000000000000000010 /* StickyWindowController.swift in Sources */,
				A10000000000000000000011 /* WindowFrameStore.swift in Sources */,
				A10000000000000000000012 /* PinWindowService.swift in Sources */,
				A10000000000000000000013 /* StickyRootView.swift in Sources */,
				A10000000000000000000014 /* DateHeaderView.swift in Sources */,
				A1000000000000000000001C /* DailyNoteEditorView.swift in Sources */,
				A10000000000000000000019 /* WindowControlsView.swift in Sources */,
				A1000000000000000000001A /* AppTheme.swift in Sources */,
			);
			runOnlyForDeploymentPostprocessing = 0;
		};
/* End PBXSourcesBuildPhase section */

/* Begin XCRemoteSwiftPackageReference section */
		B30000000000000000000001 /* XCRemoteSwiftPackageReference "swift-markdown" */ = {
			isa = XCRemoteSwiftPackageReference;
			repositoryURL = "https://github.com/swiftlang/swift-markdown.git";
			requirement = {
				kind = exactVersion;
				version = 0.6.0;
			};
		};
/* End XCRemoteSwiftPackageReference section */

/* Begin XCSwiftPackageProductDependency section */
		B20000000000000000000001 /* Markdown */ = {
			isa = XCSwiftPackageProductDependency;
			package = B30000000000000000000001 /* XCRemoteSwiftPackageReference "swift-markdown" */;
			productName = Markdown;
		};
/* End XCSwiftPackageProductDependency section */

/* Begin XCBuildConfiguration section */
		A70000000000000000000001 /* Debug */ = {
			isa = XCBuildConfiguration;
			buildSettings = {
				ALWAYS_SEARCH_USER_PATHS = NO;
				CLANG_ANALYZER_NONNULL = YES;
				CLANG_ANALYZER_NUMBER_OBJECT_CONVERSION = YES_AGGRESSIVE;
				CLANG_CXX_LANGUAGE_STANDARD = "gnu++20";
				CLANG_ENABLE_MODULES = YES;
				CLANG_ENABLE_OBJC_ARC = YES;
				CLANG_ENABLE_OBJC_WEAK = YES;
				CLANG_WARN_BLOCK_CAPTURE_AUTORELEASING = YES;
				CLANG_WARN_BOOL_CONVERSION = YES;
				CLANG_WARN_COMMA = YES;
				CLANG_WARN_CONSTANT_CONVERSION = YES;
				CLANG_WARN_DEPRECATED_OBJC_IMPLEMENTATIONS = YES;
				CLANG_WARN_DIRECT_OBJC_ISA_USAGE = YES_ERROR;
				CLANG_WARN_DOCUMENTATION_COMMENTS = YES;
				CLANG_WARN_EMPTY_BODY = YES;
				CLANG_WARN_ENUM_CONVERSION = YES;
				CLANG_WARN_INFINITE_RECURSION = YES;
				CLANG_WARN_INT_CONVERSION = YES;
				CLANG_WARN_NON_LITERAL_NULL_CONVERSION = YES;
				CLANG_WARN_OBJC_IMPLICIT_RETAIN_SELF = YES;
				CLANG_WARN_OBJC_LITERAL_CONVERSION = YES;
				CLANG_WARN_OBJC_ROOT_CLASS = YES_ERROR;
				CLANG_WARN_QUOTED_INCLUDE_IN_FRAMEWORK_HEADER = YES;
				CLANG_WARN_RANGE_LOOP_ANALYSIS = YES;
				CLANG_WARN_STRICT_PROTOTYPES = YES;
				CLANG_WARN_SUSPICIOUS_MOVE = YES;
				CLANG_WARN_UNGUARDED_AVAILABILITY = YES_AGGRESSIVE;
				CLANG_WARN_UNREACHABLE_CODE = YES;
				CLANG_WARN__DUPLICATE_METHOD_MATCH = YES;
				COPY_PHASE_STRIP = NO;
				DEBUG_INFORMATION_FORMAT = dwarf;
				ENABLE_STRICT_OBJC_MSGSEND = YES;
				ENABLE_TESTABILITY = YES;
				GCC_C_LANGUAGE_STANDARD = gnu17;
				GCC_DYNAMIC_NO_PIC = NO;
				GCC_NO_COMMON_BLOCKS = YES;
				GCC_OPTIMIZATION_LEVEL = 0;
				GCC_PREPROCESSOR_DEFINITIONS = (
					"DEBUG=1",
					"$(inherited)",
				);
				GCC_WARN_64_TO_32_BIT_CONVERSION = YES;
				GCC_WARN_ABOUT_RETURN_TYPE = YES_ERROR;
				GCC_WARN_UNDECLARED_SELECTOR = YES;
				GCC_WARN_UNINITIALIZED_AUTOS = YES_AGGRESSIVE;
				GCC_WARN_UNUSED_FUNCTION = YES;
				GCC_WARN_UNUSED_VARIABLE = YES;
				MACOSX_DEPLOYMENT_TARGET = 13.0;
				MTL_ENABLE_DEBUG_INFO = INCLUDE_SOURCE;
				MTL_FAST_MATH = YES;
				ONLY_ACTIVE_ARCH = YES;
				SDKROOT = macosx;
				SWIFT_ACTIVE_COMPILATION_CONDITIONS = DEBUG;
				SWIFT_OPTIMIZATION_LEVEL = "-Onone";
			};
			name = Debug;
		};
		A70000000000000000000002 /* Release */ = {
			isa = XCBuildConfiguration;
			buildSettings = {
				ALWAYS_SEARCH_USER_PATHS = NO;
				CLANG_ANALYZER_NONNULL = YES;
				CLANG_ANALYZER_NUMBER_OBJECT_CONVERSION = YES_AGGRESSIVE;
				CLANG_CXX_LANGUAGE_STANDARD = "gnu++20";
				CLANG_ENABLE_MODULES = YES;
				CLANG_ENABLE_OBJC_ARC = YES;
				CLANG_ENABLE_OBJC_WEAK = YES;
				CLANG_WARN_BLOCK_CAPTURE_AUTORELEASING = YES;
				CLANG_WARN_BOOL_CONVERSION = YES;
				CLANG_WARN_COMMA = YES;
				CLANG_WARN_CONSTANT_CONVERSION = YES;
				CLANG_WARN_DEPRECATED_OBJC_IMPLEMENTATIONS = YES;
				CLANG_WARN_DIRECT_OBJC_ISA_USAGE = YES_ERROR;
				CLANG_WARN_DOCUMENTATION_COMMENTS = YES;
				CLANG_WARN_EMPTY_BODY = YES;
				CLANG_WARN_ENUM_CONVERSION = YES;
				CLANG_WARN_INFINITE_RECURSION = YES;
				CLANG_WARN_INT_CONVERSION = YES;
				CLANG_WARN_NON_LITERAL_NULL_CONVERSION = YES;
				CLANG_WARN_OBJC_IMPLICIT_RETAIN_SELF = YES;
				CLANG_WARN_OBJC_LITERAL_CONVERSION = YES;
				CLANG_WARN_OBJC_ROOT_CLASS = YES_ERROR;
				CLANG_WARN_QUOTED_INCLUDE_IN_FRAMEWORK_HEADER = YES;
				CLANG_WARN_RANGE_LOOP_ANALYSIS = YES;
				CLANG_WARN_STRICT_PROTOTYPES = YES;
				CLANG_WARN_SUSPICIOUS_MOVE = YES;
				CLANG_WARN_UNGUARDED_AVAILABILITY = YES_AGGRESSIVE;
				CLANG_WARN_UNREACHABLE_CODE = YES;
				CLANG_WARN__DUPLICATE_METHOD_MATCH = YES;
				COPY_PHASE_STRIP = NO;
				DEBUG_INFORMATION_FORMAT = "dwarf-with-dsym";
				ENABLE_NS_ASSERTIONS = NO;
				ENABLE_STRICT_OBJC_MSGSEND = YES;
				GCC_C_LANGUAGE_STANDARD = gnu17;
				GCC_NO_COMMON_BLOCKS = YES;
				GCC_WARN_64_TO_32_BIT_CONVERSION = YES;
				GCC_WARN_ABOUT_RETURN_TYPE = YES_ERROR;
				GCC_WARN_UNDECLARED_SELECTOR = YES;
				GCC_WARN_UNINITIALIZED_AUTOS = YES_AGGRESSIVE;
				GCC_WARN_UNUSED_FUNCTION = YES;
				GCC_WARN_UNUSED_VARIABLE = YES;
				MACOSX_DEPLOYMENT_TARGET = 13.0;
				MTL_ENABLE_DEBUG_INFO = NO;
				MTL_FAST_MATH = YES;
				SDKROOT = macosx;
				SWIFT_COMPILATION_MODE = wholemodule;
				SWIFT_OPTIMIZATION_LEVEL = "-O";
			};
			name = Release;
		};
		A70000000000000000000003 /* Debug */ = {
			isa = XCBuildConfiguration;
			buildSettings = {
				CODE_SIGN_IDENTITY = "-";
				CODE_SIGN_STYLE = Manual;
				COMBINE_HIDPI_IMAGES = YES;
				CURRENT_PROJECT_VERSION = 1;
				ENABLE_HARDENED_RUNTIME = YES;
				GENERATE_INFOPLIST_FILE = YES;
				INFOPLIST_KEY_CFBundleDisplayName = DailySticky;
				INFOPLIST_KEY_LSApplicationCategoryType = "public.app-category.productivity";
				INFOPLIST_KEY_NSHumanReadableCopyright = "";
				MACOSX_DEPLOYMENT_TARGET = 13.0;
				MARKETING_VERSION = 0.1.0;
				PRODUCT_BUNDLE_IDENTIFIER = com.xuli.DailySticky;
				PRODUCT_NAME = "$(TARGET_NAME)";
				SWIFT_EMIT_LOC_STRINGS = YES;
				SWIFT_VERSION = 5.0;
			};
			name = Debug;
		};
		A70000000000000000000004 /* Release */ = {
			isa = XCBuildConfiguration;
			buildSettings = {
				CODE_SIGN_IDENTITY = "-";
				CODE_SIGN_STYLE = Manual;
				COMBINE_HIDPI_IMAGES = YES;
				CURRENT_PROJECT_VERSION = 1;
				ENABLE_HARDENED_RUNTIME = YES;
				GENERATE_INFOPLIST_FILE = YES;
				INFOPLIST_KEY_CFBundleDisplayName = DailySticky;
				INFOPLIST_KEY_LSApplicationCategoryType = "public.app-category.productivity";
				INFOPLIST_KEY_NSHumanReadableCopyright = "";
				MACOSX_DEPLOYMENT_TARGET = 13.0;
				MARKETING_VERSION = 0.1.0;
				PRODUCT_BUNDLE_IDENTIFIER = com.xuli.DailySticky;
				PRODUCT_NAME = "$(TARGET_NAME)";
				SWIFT_EMIT_LOC_STRINGS = YES;
				SWIFT_VERSION = 5.0;
			};
			name = Release;
		};
/* End XCBuildConfiguration section */

/* Begin XCConfigurationList section */
		A90000000000000000000001 /* Build configuration list for PBXProject "DailySticky" */ = {
			isa = XCConfigurationList;
			buildConfigurations = (
				A70000000000000000000001 /* Debug */,
				A70000000000000000000002 /* Release */,
			);
			defaultConfigurationIsVisible = 0;
			defaultConfigurationName = Release;
		};
		A90000000000000000000002 /* Build configuration list for PBXNativeTarget "DailySticky" */ = {
			isa = XCConfigurationList;
			buildConfigurations = (
				A70000000000000000000003 /* Debug */,
				A70000000000000000000004 /* Release */,
			);
			defaultConfigurationIsVisible = 0;
			defaultConfigurationName = Release;
		};
/* End XCConfigurationList section */
	};
	rootObject = A60000000000000000000001 /* Project object */;
}
